
Microsoft Visual Studio Solution File, Format Version 12.00
# Visual Studio Version 17
VisualStudioVersion = 17.5.002.0
MinimumVisualStudioVersion = 10.0.40219.1
Project("{9A19103F-16F7-4668-BE54-9A1E7A4F7556}") = "ReactJSNetCoreWebApi2", "ReactJSNetCoreWebApi2.csproj", "{90F3A52C-913F-4137-BBC5-B5FE9766D296}"
EndProject
Global
	GlobalSection(SolutionConfigurationPlatforms) = preSolution
		Debug|Any CPU = Debug|Any CPU
		Release|Any CPU = Release|Any CPU
	EndGlobalSection
	GlobalSection(ProjectConfigurationPlatforms) = postSolution
		{90F3A52C-913F-4137-BBC5-B5FE9766D296}.Debug|Any CPU.ActiveCfg = Debug|Any CPU
		{90F3A52C-913F-4137-BBC5-B5FE9766D296}.Debug|Any CPU.Build.0 = Debug|Any CPU
		{90F3A52C-913F-4137-BBC5-B5FE9766D296}.Release|Any CPU.ActiveCfg = Release|Any CPU
		{90F3A52C-913F-4137-BBC5-B5FE9766D296}.Release|Any CPU.Build.0 = Release|Any CPU
	EndGlobalSection
	GlobalSection(SolutionProperties) = preSolution
		HideSolutionNode = FALSE
	EndGlobalSection
	GlobalSection(ExtensibilityGlobals) = postSolution
		SolutionGuid = {4124C75D-8830-4B1F-8ED7-C43B970EC5BB}
	EndGlobalSection
EndGlobal
